// !$*UTF8*$!
{
	archiveVersion = 1;
	classes = {
	};
	objectVersion = 70;
	objects = {

/* Begin PBXBuildFile section */
		1F06C21E257FEF7E006F8C83 /* AmendmentDetail.swift in Sources */ = {isa = PBXBuildFile; fileRef = 1F06C21D257FEF7E006F8C83 /* AmendmentDetail.swift */; };
		1F06C22325807A5A006F8C83 /* OptionalBinding.swift in Sources */ = {isa = PBXBuildFile; fileRef = 1F06C22225807A59006F8C83 /* OptionalBinding.swift */; };
		1F2E92262E5A1FA2003962BA /* AppTheme.swift in Sources */ = {isa = PBXBuildFile; fileRef = 1F2E92242E5A1FA2003962BA /* AppTheme.swift */; };
		1F2E923B2E5A5352003962BA /* HarvestHeatMapView.swift in Sources */ = {isa = PBXBuildFile; fileRef = 1F2E92392E5A5352003962BA /* HarvestHeatMapView.swift */; };
		1F2E923D2E5A5352003962BA /* GrowingSeasonTimelineView.swift in Sources */ = {isa = PBXBuildFile; fileRef = 1F2E92382E5A5352003962BA /* GrowingSeasonTimelineView.swift */; };
		1F2E92422E5A5641003962BA /* SecureConfiguration.swift in Sources */ = {isa = PBXBuildFile; fileRef = 1F2E92402E5A5641003962BA /* SecureConfiguration.swift */; };
		1F4F48B6257DB4C2005E559D /* MaterialsAndPracticesApp.swift in Sources */ = {isa = PBXBuildFile; fileRef = 1F4F48B5257DB4C2005E559D /* MaterialsAndPracticesApp.swift */; };
		1F4F48B8257DB4C2005E559D /* CurrentGrowsView.swift in Sources */ = {isa = PBXBuildFile; fileRef = 1F4F48B7257DB4C2005E559D /* CurrentGrowsView.swift */; };
		1F4F48BA257DB4C4005E559D /* Assets.xcassets in Resources */ = {isa = PBXBuildFile; fileRef = 1F4F48B9257DB4C4005E559D /* Assets.xcassets */; };
		1F4F48BD257DB4C4005E559D /* Preview Assets.xcassets in Resources */ = {isa = PBXBuildFile; fileRef = 1F4F48BC257DB4C4005E559D /* Preview Assets.xcassets */; };
		1F4F48BF257DB4C4005E559D /* Persistence.swift in Sources */ = {isa = PBXBuildFile; fileRef = 1F4F48BE257DB4C4005E559D /* Persistence.swift */; };
		1F4F48CD257DB4C4005E559D /* MaterialsAndPracticesTests.swift in Sources */ = {isa = PBXBuildFile; fileRef = 1F4F48CC257DB4C4005E559D /* MaterialsAndPracticesTests.swift */; };
		1F4F48D8257DB4C4005E559D /* MaterialsAndPracticesUITests.swift in Sources */ = {isa = PBXBuildFile; fileRef = 1F4F48D7257DB4C4005E559D /* MaterialsAndPracticesUITests.swift */; };
		1F812225258281EC007394D0 /* WorkPractices.swift in Sources */ = {isa = PBXBuildFile; fileRef = 1F812224258281EC007394D0 /* WorkPractices.swift */; };
		1F81222A258295D0007394D0 /* WorkPracticeDetailView.swift in Sources */ = {isa = PBXBuildFile; fileRef = 1F812229258295D0007394D0 /* WorkPracticeDetailView.swift */; };
		1F812235258298EC007394D0 /* WorkViews.swift in Sources */ = {isa = PBXBuildFile; fileRef = 1F812234258298EC007394D0 /* WorkViews.swift */; };
		1F85D6932E5D520700CABF8D /* LocalizationUtility.swift in Sources */ = {isa = PBXBuildFile; fileRef = 1F85D6922E5D520700CABF8D /* LocalizationUtility.swift */; };
		1FB247AC2E5AC71800F7BAF7 /* DefaultIDGenerator.swift in Sources */ = {isa = PBXBuildFile; fileRef = 1FB247AB2E5AC71800F7BAF7 /* DefaultIDGenerator.swift */; };
		1FB247B52E5ACC3000F7BAF7 /* FarmListView.swift in Sources */ = {isa = PBXBuildFile; fileRef = 1FB247AE2E5ACC3000F7BAF7 /* FarmListView.swift */; };
		1FB247B62E5ACC3000F7BAF7 /* EditPropertyView.swift in Sources */ = {isa = PBXBuildFile; fileRef = 1FB247AD2E5ACC3000F7BAF7 /* EditPropertyView.swift */; };
		1FB247B72E5ACC3000F7BAF7 /* PhotoGalleryView.swift in Sources */ = {isa = PBXBuildFile; fileRef = 1FB247B02E5ACC3000F7BAF7 /* PhotoGalleryView.swift */; };
		1FB247B92E5ACC3000F7BAF7 /* PhotoManager.swift in Sources */ = {isa = PBXBuildFile; fileRef = 1FB247B12E5ACC3000F7BAF7 /* PhotoManager.swift */; };
		1FB247BA2E5ACC3000F7BAF7 /* PhotoCaptureView.swift in Sources */ = {isa = PBXBuildFile; fileRef = 1FB247AF2E5ACC3000F7BAF7 /* PhotoCaptureView.swift */; };
		1FB247BB2E5ACC3000F7BAF7 /* PhotoOverlay.swift in Sources */ = {isa = PBXBuildFile; fileRef = 1FB247B22E5ACC3000F7BAF7 /* PhotoOverlay.swift */; };
		1FB247C12E5ACD7C00F7BAF7 /* CommonUIComponents.swift in Sources */ = {isa = PBXBuildFile; fileRef = 1FB247BF2E5ACD7C00F7BAF7 /* CommonUIComponents.swift */; };
		1FBCAA242E5E2EDA00E3C619 /* InspectionCatalogBrowserView.swift in Sources */ = {isa = PBXBuildFile; fileRef = 1FBCAA1D2E5E2EDA00E3C619 /* InspectionCatalogBrowserView.swift */; };
		1FBCAA252E5E2EDA00E3C619 /* InspectionArchitecture.swift in Sources */ = {isa = PBXBuildFile; fileRef = 1FBCAA1C2E5E2EDA00E3C619 /* InspectionArchitecture.swift */; };
		1FBCAA262E5E2EDA00E3C619 /* InspectionManagementView.swift in Sources */ = {isa = PBXBuildFile; fileRef = 1FBCAA212E5E2EDA00E3C619 /* InspectionManagementView.swift */; };
		1FBCAA272E5E2EDA00E3C619 /* InspectionCreationWorkflowView.swift in Sources */ = {isa = PBXBuildFile; fileRef = 1FBCAA1F2E5E2EDA00E3C619 /* InspectionCreationWorkflowView.swift */; };
		1FBCAA282E5E2EDA00E3C619 /* InspectionCreationSupportingViews.swift in Sources */ = {isa = PBXBuildFile; fileRef = 1FBCAA1E2E5E2EDA00E3C619 /* InspectionCreationSupportingViews.swift */; };
		1FBCAA292E5E2EDA00E3C619 /* InspectionTemplateSeeder.swift in Sources */ = {isa = PBXBuildFile; fileRef = 1FBCAA222E5E2EDA00E3C619 /* InspectionTemplateSeeder.swift */; };
		1FBCAA2A2E5E2EDA00E3C619 /* InspectionDirectoryManager.swift in Sources */ = {isa = PBXBuildFile; fileRef = 1FBCAA202E5E2EDA00E3C619 /* InspectionDirectoryManager.swift */; };
		1FCCE7272E5BFEB6004FC07C /* FiraCode-Retina.ttf in Resources */ = {isa = PBXBuildFile; fileRef = 1FCCE7252E5BFEB6004FC07C /* FiraCode-Retina.ttf */; };
		1FCCE7282E5BFEB6004FC07C /* FiraCode-SemiBold.ttf in Resources */ = {isa = PBXBuildFile; fileRef = 1FCCE7262E5BFEB6004FC07C /* FiraCode-SemiBold.ttf */; };
		1FCCE7292E5BFEB6004FC07C /* FiraCode-Light.ttf in Resources */ = {isa = PBXBuildFile; fileRef = 1FCCE7222E5BFEB6004FC07C /* FiraCode-Light.ttf */; };
		1FCCE72A2E5BFEB6004FC07C /* FiraCode-Bold.ttf in Resources */ = {isa = PBXBuildFile; fileRef = 1FCCE7212E5BFEB6004FC07C /* FiraCode-Bold.ttf */; };
		1FCCE72B2E5BFEB6004FC07C /* FiraCode-Medium.ttf in Resources */ = {isa = PBXBuildFile; fileRef = 1FCCE7232E5BFEB6004FC07C /* FiraCode-Medium.ttf */; };
		1FCCE72C2E5BFEB6004FC07C /* FiraCode-Regular.ttf in Resources */ = {isa = PBXBuildFile; fileRef = 1FCCE7242E5BFEB6004FC07C /* FiraCode-Regular.ttf */; };
		1FCCE72F2E5C06DC004FC07C /* ProduceColors.xcassets in Resources */ = {isa = PBXBuildFile; fileRef = 1FCCE72E2E5C06DC004FC07C /* ProduceColors.xcassets */; };
		1FCCE7312E5C0754004FC07C /* ProduceColors.swift in Sources */ = {isa = PBXBuildFile; fileRef = 1FCCE7302E5C0754004FC07C /* ProduceColors.swift */; };
		1FCEB4532E5B790100021D62 /* CreateFieldView.swift in Sources */ = {isa = PBXBuildFile; fileRef = 1FCEB44C2E5B790100021D62 /* CreateFieldView.swift */; };
		1FCEB4542E5B790100021D62 /* SoilTestListView.swift in Sources */ = {isa = PBXBuildFile; fileRef = 1FCEB4512E5B790100021D62 /* SoilTestListView.swift */; };
		1FCEB4562E5B790100021D62 /* FarmDashboardView.swift in Sources */ = {isa = PBXBuildFile; fileRef = 1FCEB44E2E5B790100021D62 /* FarmDashboardView.swift */; };
		1FCEB4582E5B790100021D62 /* FieldManagementViews.swift in Sources */ = {isa = PBXBuildFile; fileRef = 1FCEB44F2E5B790100021D62 /* FieldManagementViews.swift */; };
		1FCEB4592E5B790100021D62 /* WorkerManagementViews.swift in Sources */ = {isa = PBXBuildFile; fileRef = 1FCEB4522E5B790100021D62 /* WorkerManagementViews.swift */; };
		1FCEB45B2E5B797E00021D62 /* PropertyDetailView.swift in Sources */ = {isa = PBXBuildFile; fileRef = 1FCEB45A2E5B797E00021D62 /* PropertyDetailView.swift */; };
		1FCEB45D2E5B7A5C00021D62 /* FarmerProfileView.swift in Sources */ = {isa = PBXBuildFile; fileRef = 1FCEB45C2E5B7A5C00021D62 /* FarmerProfileView.swift */; };
		1FCEB45F2E5B7ACC00021D62 /* GenericPhotoCaptureView.swift in Sources */ = {isa = PBXBuildFile; fileRef = 1FCEB45E2E5B7ACC00021D62 /* GenericPhotoCaptureView.swift */; };
		1FCEB4622E5B7C0E00021D62 /* HarvestSafetyChecklist.swift in Sources */ = {isa = PBXBuildFile; fileRef = 1FCEB4612E5B7C0E00021D62 /* HarvestSafetyChecklist.swift */; };
		1FCEB4632E5B7C0E00021D62 /* EnhancedEditGrowView.swift in Sources */ = {isa = PBXBuildFile; fileRef = 1FCEB4602E5B7C0E00021D62 /* EnhancedEditGrowView.swift */; };
		1FCEB4652E5B940300021D62 /* UtilitiesView.swift in Sources */ = {isa = PBXBuildFile; fileRef = 1FCEB4642E5B940300021D62 /* UtilitiesView.swift */; };
		1FD918352E595AB900D18920 /* CultivarViews.swift in Sources */ = {isa = PBXBuildFile; fileRef = 1FD918342E595AB900D18920 /* CultivarViews.swift */; };
		1FD918362E595AB900D18920 /* CultivarSeeder.swift in Sources */ = {isa = PBXBuildFile; fileRef = 1FD918332E595AB900D18920 /* CultivarSeeder.swift */; };
		1FDF44432E5C23860058E376 /* vegetable_cultivars_master.csv in Resources */ = {isa = PBXBuildFile; fileRef = 1FDF44422E5C23860058E376 /* vegetable_cultivars_master.csv */; };
		1FDF44B02E5D2F640058E376 /* HarvestCalendarHeatMap.swift in Sources */ = {isa = PBXBuildFile; fileRef = 1FDF44A92E5D2F640058E376 /* HarvestCalendarHeatMap.swift */; };
		1FDF44B12E5D2F640058E376 /* WorkOrderHelpDocumentation.swift in Sources */ = {isa = PBXBuildFile; fileRef = 1FDF44AD2E5D2F640058E376 /* WorkOrderHelpDocumentation.swift */; };
		1FDF44B22E5D2F640058E376 /* WorkOrderSystem.swift in Sources */ = {isa = PBXBuildFile; fileRef = 1FDF44AE2E5D2F640058E376 /* WorkOrderSystem.swift */; };
		1FDF44B32E5D2F640058E376 /* CultivarExtensions.swift in Sources */ = {isa = PBXBuildFile; fileRef = 1FDF44A72E5D2F640058E376 /* CultivarExtensions.swift */; };
		1FDF44B42E5D2F640058E376 /* WeeklyWorkerSummaryViews.swift in Sources */ = {isa = PBXBuildFile; fileRef = 1FDF44AC2E5D2F640058E376 /* WeeklyWorkerSummaryViews.swift */; };
		1FDF44B52E5D2F640058E376 /* PerformWorkView.swift in Sources */ = {isa = PBXBuildFile; fileRef = 1FDF44AB2E5D2F640058E376 /* PerformWorkView.swift */; };
		1FE293EF257DDBAC00C93102 /* GrowDetailView.swift in Sources */ = {isa = PBXBuildFile; fileRef = 1FE293EE257DDBAC00C93102 /* GrowDetailView.swift */; };
		1FEA2B64257EAED600A6D9DD /* GrowViews.swift in Sources */ = {isa = PBXBuildFile; fileRef = 1FEA2B63257EAED600A6D9DD /* GrowViews.swift */; };
		1FEA2B69257F0E0900A6D9DD /* EditGrowView.swift in Sources */ = {isa = PBXBuildFile; fileRef = 1FEA2B68257F0E0900A6D9DD /* EditGrowView.swift */; };
		1FEA2B6E257F440900A6D9DD /* AmendmentViews.swift in Sources */ = {isa = PBXBuildFile; fileRef = 1FEA2B6D257F440900A6D9DD /* AmendmentViews.swift */; };
		1FEA2B79257FCE1D00A6D9DD /* Amendments.swift in Sources */ = {isa = PBXBuildFile; fileRef = 1FEA2B78257FCE1D00A6D9DD /* Amendments.swift */; };
		1FEE449A2E5DFFED00A1887B /* MaterialsAndPractices.xcdatamodeld in Sources */ = {isa = PBXBuildFile; fileRef = 1FEE44912E5DFFED00A1887B /* MaterialsAndPractices.xcdatamodeld */; };
		1FEE44A62E5E014C00A1887B /* InspectionSeeder.swift in Sources */ = {isa = PBXBuildFile; fileRef = 1FEE44A32E5E014C00A1887B /* InspectionSeeder.swift */; };
		1FEE44AA2E5E02F400A1887B /* CoreDataNotificationCenter.swift in Sources */ = {isa = PBXBuildFile; fileRef = 1FEE44A92E5E02F400A1887B /* CoreDataNotificationCenter.swift */; };
		1FEE44AD2E5E053A00A1887B /* WorkOrderAssignmentView.swift in Sources */ = {isa = PBXBuildFile; fileRef = 1FEE44AB2E5E053A00A1887B /* WorkOrderAssignmentView.swift */; };
		1FEE44AE2E5E053A00A1887B /* WorkOrderListView.swift in Sources */ = {isa = PBXBuildFile; fileRef = 1FEE44AC2E5E053A00A1887B /* WorkOrderListView.swift */; };
		1FEE44B02E5E06FD00A1887B /* TeamCreationView.swift in Sources */ = {isa = PBXBuildFile; fileRef = 1FEE44AF2E5E06FD00A1887B /* TeamCreationView.swift */; };
		1FEE44C22E5E168400A1887B /* DeviceDetection.swift in Sources */ = {isa = PBXBuildFile; fileRef = 1FEE44BF2E5E168400A1887B /* DeviceDetection.swift */; };
		1FEE44C42E5E168400A1887B /* AdaptiveDashboardView.swift in Sources */ = {isa = PBXBuildFile; fileRef = 1FEE44BE2E5E168400A1887B /* AdaptiveDashboardView.swift */; };
		BULGI508SCW0VCS6XNM4Y2ZV /* SoilTestDetailView.swift in Sources */ = {isa = PBXBuildFile; fileRef = NKCZL87A0C3JQ1IZLFUD8ZDS /* SoilTestDetailView.swift */; };
		D7U2HNQLDO5CUE50OC42PT2E /* FieldSelectionTileView.swift in Sources */ = {isa = PBXBuildFile; fileRef = 8GFUYTO4QAHEWPUN0F9IOJHU /* FieldSelectionTileView.swift */; };
		FV3VC1I7GJ337VBU8UY2D9G2 /* SoilTestGraphics.swift in Sources */ = {isa = PBXBuildFile; fileRef = 6E83I4ZLSTFFFKKCKEG26K34 /* SoilTestGraphics.swift */; };
		M5XFKSWL7ZKDKRWSSYA01VI9 /* LabManagementViews.swift in Sources */ = {isa = PBXBuildFile; fileRef = PDUH5NOMGZ3C1JVZCC3MNF5Y /* LabManagementViews.swift */; };
		O9DN9B5X410H3S6Q97QF7MLY /* SoilTestEducationView.swift in Sources */ = {isa = PBXBuildFile; fileRef = EGZMTBQX29E4S5J5EFAHU359 /* SoilTestEducationView.swift */; };
		RQ9WW034NVSSWPO9M9LYZW7Q /* CreateSoilTestView.swift in Sources */ = {isa = PBXBuildFile; fileRef = YW3W8K7WVJRTP7E5YI29WIKI /* CreateSoilTestView.swift */; };
		TYR4BXWTI4B9S1BKLCYVZW02 /* SoilTestSettingsView.swift in Sources */ = {isa = PBXBuildFile; fileRef = VXZIH3HFRPDYTE6E6EBAXWTV /* SoilTestSettingsView.swift */; };
/* End PBXBuildFile section */

/* Begin PBXContainerItemProxy section */
		1F4F48C9257DB4C4005E559D /* PBXContainerItemProxy */ = {
			isa = PBXContainerItemProxy;
			containerPortal = 1F4F48AA257DB4C2005E559D /* Project object */;
			proxyType = 1;
			remoteGlobalIDString = 1F4F48B1257DB4C2005E559D;
			remoteInfo = MaterialsAndPractices;
		};
		1F4F48D4257DB4C4005E559D /* PBXContainerItemProxy */ = {
			isa = PBXContainerItemProxy;
			containerPortal = 1F4F48AA257DB4C2005E559D /* Project object */;
			proxyType = 1;
			remoteGlobalIDString = 1F4F48B1257DB4C2005E559D;
			remoteInfo = MaterialsAndPractices;
		};
/* End PBXContainerItemProxy section */

/* Begin PBXFileReference section */
		1F06C21D257FEF7E006F8C83 /* AmendmentDetail.swift */ = {isa = PBXFileReference; lastKnownFileType = sourcecode.swift; path = AmendmentDetail.swift; sourceTree = "<group>"; };
		1F06C22225807A59006F8C83 /* OptionalBinding.swift */ = {isa = PBXFileReference; lastKnownFileType = sourcecode.swift; path = OptionalBinding.swift; sourceTree = "<group>"; };
		1F2E92242E5A1FA2003962BA /* AppTheme.swift */ = {isa = PBXFileReference; lastKnownFileType = sourcecode.swift; path = AppTheme.swift; sourceTree = "<group>"; };
		1F2E92362E5A5352003962BA /* CultivarDataTestUtility.swift */ = {isa = PBXFileReference; lastKnownFileType = sourcecode.swift; path = CultivarDataTestUtility.swift; sourceTree = "<group>"; };
		1F2E92382E5A5352003962BA /* GrowingSeasonTimelineView.swift */ = {isa = PBXFileReference; lastKnownFileType = sourcecode.swift; path = GrowingSeasonTimelineView.swift; sourceTree = "<group>"; };
		1F2E92392E5A5352003962BA /* HarvestHeatMapView.swift */ = {isa = PBXFileReference; lastKnownFileType = sourcecode.swift; path = HarvestHeatMapView.swift; sourceTree = "<group>"; };
		1F2E92402E5A5641003962BA /* SecureConfiguration.swift */ = {isa = PBXFileReference; lastKnownFileType = sourcecode.swift; path = SecureConfiguration.swift; sourceTree = "<group>"; };
		1F4F48B2257DB4C2005E559D /* MaterialsAndPractices.app */ = {isa = PBXFileReference; explicitFileType = wrapper.application; includeInIndex = 0; path = MaterialsAndPractices.app; sourceTree = BUILT_PRODUCTS_DIR; };
		1F4F48B5257DB4C2005E559D /* MaterialsAndPracticesApp.swift */ = {isa = PBXFileReference; lastKnownFileType = sourcecode.swift; path = MaterialsAndPracticesApp.swift; sourceTree = "<group>"; };
		1F4F48B7257DB4C2005E559D /* CurrentGrowsView.swift */ = {isa = PBXFileReference; lastKnownFileType = sourcecode.swift; path = CurrentGrowsView.swift; sourceTree = "<group>"; };
		1F4F48B9257DB4C4005E559D /* Assets.xcassets */ = {isa = PBXFileReference; lastKnownFileType = folder.assetcatalog; path = Assets.xcassets; sourceTree = "<group>"; };
		1F4F48BC257DB4C4005E559D /* Preview Assets.xcassets */ = {isa = PBXFileReference; lastKnownFileType = folder.assetcatalog; path = "Preview Assets.xcassets"; sourceTree = "<group>"; };
		1F4F48BE257DB4C4005E559D /* Persistence.swift */ = {isa = PBXFileReference; lastKnownFileType = sourcecode.swift; path = Persistence.swift; sourceTree = "<group>"; };
		1F4F48C3257DB4C4005E559D /* Info.plist */ = {isa = PBXFileReference; lastKnownFileType = text.plist.xml; path = Info.plist; sourceTree = "<group>"; };
		1F4F48C8257DB4C4005E559D /* MaterialsAndPracticesTests.xctest */ = {isa = PBXFileReference; explicitFileType = wrapper.cfbundle; includeInIndex = 0; path = MaterialsAndPracticesTests.xctest; sourceTree = BUILT_PRODUCTS_DIR; };
		1F4F48CC257DB4C4005E559D /* MaterialsAndPracticesTests.swift */ = {isa = PBXFileReference; lastKnownFileType = sourcecode.swift; path = MaterialsAndPracticesTests.swift; sourceTree = "<group>"; };
		1F4F48CE257DB4C4005E559D /* Info.plist */ = {isa = PBXFileReference; lastKnownFileType = text.plist.xml; path = Info.plist; sourceTree = "<group>"; };
		1F4F48D3257DB4C4005E559D /* MaterialsAndPracticesUITests.xctest */ = {isa = PBXFileReference; explicitFileType = wrapper.cfbundle; includeInIndex = 0; path = MaterialsAndPracticesUITests.xctest; sourceTree = BUILT_PRODUCTS_DIR; };
		1F4F48D7257DB4C4005E559D /* MaterialsAndPracticesUITests.swift */ = {isa = PBXFileReference; lastKnownFileType = sourcecode.swift; path = MaterialsAndPracticesUITests.swift; sourceTree = "<group>"; };
		1F4F48D9257DB4C4005E559D /* Info.plist */ = {isa = PBXFileReference; lastKnownFileType = text.plist.xml; path = Info.plist; sourceTree = "<group>"; };
		1F812224258281EC007394D0 /* WorkPractices.swift */ = {isa = PBXFileReference; lastKnownFileType = sourcecode.swift; path = WorkPractices.swift; sourceTree = "<group>"; };
		1F812229258295D0007394D0 /* WorkPracticeDetailView.swift */ = {isa = PBXFileReference; lastKnownFileType = sourcecode.swift; path = WorkPracticeDetailView.swift; sourceTree = "<group>"; };
		1F812234258298EC007394D0 /* WorkViews.swift */ = {isa = PBXFileReference; lastKnownFileType = sourcecode.swift; path = WorkViews.swift; sourceTree = "<group>"; };
		1F85D6922E5D520700CABF8D /* LocalizationUtility.swift */ = {isa = PBXFileReference; lastKnownFileType = sourcecode.swift; path = LocalizationUtility.swift; sourceTree = "<group>"; };
		1FB247AB2E5AC71800F7BAF7 /* DefaultIDGenerator.swift */ = {isa = PBXFileReference; lastKnownFileType = sourcecode.swift; path = DefaultIDGenerator.swift; sourceTree = "<group>"; };
		1FB247AD2E5ACC3000F7BAF7 /* EditPropertyView.swift */ = {isa = PBXFileReference; lastKnownFileType = sourcecode.swift; path = EditPropertyView.swift; sourceTree = "<group>"; };
		1FB247AE2E5ACC3000F7BAF7 /* FarmListView.swift */ = {isa = PBXFileReference; lastKnownFileType = sourcecode.swift; path = FarmListView.swift; sourceTree = "<group>"; };
		1FB247AF2E5ACC3000F7BAF7 /* PhotoCaptureView.swift */ = {isa = PBXFileReference; lastKnownFileType = sourcecode.swift; path = PhotoCaptureView.swift; sourceTree = "<group>"; };
		1FB247B02E5ACC3000F7BAF7 /* PhotoGalleryView.swift */ = {isa = PBXFileReference; lastKnownFileType = sourcecode.swift; path = PhotoGalleryView.swift; sourceTree = "<group>"; };
		1FB247B12E5ACC3000F7BAF7 /* PhotoManager.swift */ = {isa = PBXFileReference; lastKnownFileType = sourcecode.swift; path = PhotoManager.swift; sourceTree = "<group>"; };
		1FB247B22E5ACC3000F7BAF7 /* PhotoOverlay.swift */ = {isa = PBXFileReference; lastKnownFileType = sourcecode.swift; path = PhotoOverlay.swift; sourceTree = "<group>"; };
		1FB247BF2E5ACD7C00F7BAF7 /* CommonUIComponents.swift */ = {isa = PBXFileReference; lastKnownFileType = sourcecode.swift; path = CommonUIComponents.swift; sourceTree = "<group>"; };
		1FBCAA1C2E5E2EDA00E3C619 /* InspectionArchitecture.swift */ = {isa = PBXFileReference; lastKnownFileType = sourcecode.swift; path = InspectionArchitecture.swift; sourceTree = "<group>"; };
		1FBCAA1D2E5E2EDA00E3C619 /* InspectionCatalogBrowserView.swift */ = {isa = PBXFileReference; lastKnownFileType = sourcecode.swift; path = InspectionCatalogBrowserView.swift; sourceTree = "<group>"; };
		1FBCAA1E2E5E2EDA00E3C619 /* InspectionCreationSupportingViews.swift */ = {isa = PBXFileReference; lastKnownFileType = sourcecode.swift; path = InspectionCreationSupportingViews.swift; sourceTree = "<group>"; };
		1FBCAA1F2E5E2EDA00E3C619 /* InspectionCreationWorkflowView.swift */ = {isa = PBXFileReference; lastKnownFileType = sourcecode.swift; path = InspectionCreationWorkflowView.swift; sourceTree = "<group>"; };
		1FBCAA202E5E2EDA00E3C619 /* InspectionDirectoryManager.swift */ = {isa = PBXFileReference; lastKnownFileType = sourcecode.swift; path = InspectionDirectoryManager.swift; sourceTree = "<group>"; };
		1FBCAA212E5E2EDA00E3C619 /* InspectionManagementView.swift */ = {isa = PBXFileReference; lastKnownFileType = sourcecode.swift; path = InspectionManagementView.swift; sourceTree = "<group>"; };
		1FBCAA222E5E2EDA00E3C619 /* InspectionTemplateSeeder.swift */ = {isa = PBXFileReference; lastKnownFileType = sourcecode.swift; path = InspectionTemplateSeeder.swift; sourceTree = "<group>"; };
		1FCCE7212E5BFEB6004FC07C /* FiraCode-Bold.ttf */ = {isa = PBXFileReference; lastKnownFileType = file; path = "FiraCode-Bold.ttf"; sourceTree = "<group>"; };
		1FCCE7222E5BFEB6004FC07C /* FiraCode-Light.ttf */ = {isa = PBXFileReference; lastKnownFileType = file; path = "FiraCode-Light.ttf"; sourceTree = "<group>"; };
		1FCCE7232E5BFEB6004FC07C /* FiraCode-Medium.ttf */ = {isa = PBXFileReference; lastKnownFileType = file; path = "FiraCode-Medium.ttf"; sourceTree = "<group>"; };
		1FCCE7242E5BFEB6004FC07C /* FiraCode-Regular.ttf */ = {isa = PBXFileReference; lastKnownFileType = file; path = "FiraCode-Regular.ttf"; sourceTree = "<group>"; };
		1FCCE7252E5BFEB6004FC07C /* FiraCode-Retina.ttf */ = {isa = PBXFileReference; lastKnownFileType = file; path = "FiraCode-Retina.ttf"; sourceTree = "<group>"; };
		1FCCE7262E5BFEB6004FC07C /* FiraCode-SemiBold.ttf */ = {isa = PBXFileReference; lastKnownFileType = file; path = "FiraCode-SemiBold.ttf"; sourceTree = "<group>"; };
		1FCCE72E2E5C06DC004FC07C /* ProduceColors.xcassets */ = {isa = PBXFileReference; lastKnownFileType = folder.assetcatalog; path = ProduceColors.xcassets; sourceTree = "<group>"; };
		1FCCE7302E5C0754004FC07C /* ProduceColors.swift */ = {isa = PBXFileReference; lastKnownFileType = sourcecode.swift; path = ProduceColors.swift; sourceTree = "<group>"; };
		1FCEB44C2E5B790100021D62 /* CreateFieldView.swift */ = {isa = PBXFileReference; lastKnownFileType = sourcecode.swift; path = CreateFieldView.swift; sourceTree = "<group>"; };
		1FCEB44E2E5B790100021D62 /* FarmDashboardView.swift */ = {isa = PBXFileReference; lastKnownFileType = sourcecode.swift; path = FarmDashboardView.swift; sourceTree = "<group>"; };
		1FCEB44F2E5B790100021D62 /* FieldManagementViews.swift */ = {isa = PBXFileReference; lastKnownFileType = sourcecode.swift; path = FieldManagementViews.swift; sourceTree = "<group>"; };
		1FCEB4512E5B790100021D62 /* SoilTestListView.swift */ = {isa = PBXFileReference; lastKnownFileType = sourcecode.swift; path = SoilTestListView.swift; sourceTree = "<group>"; };
		1FCEB4522E5B790100021D62 /* WorkerManagementViews.swift */ = {isa = PBXFileReference; lastKnownFileType = sourcecode.swift; path = WorkerManagementViews.swift; sourceTree = "<group>"; };
		1FCEB45A2E5B797E00021D62 /* PropertyDetailView.swift */ = {isa = PBXFileReference; lastKnownFileType = sourcecode.swift; path = PropertyDetailView.swift; sourceTree = "<group>"; };
		1FCEB45C2E5B7A5C00021D62 /* FarmerProfileView.swift */ = {isa = PBXFileReference; lastKnownFileType = sourcecode.swift; path = FarmerProfileView.swift; sourceTree = "<group>"; };
		1FCEB45E2E5B7ACC00021D62 /* GenericPhotoCaptureView.swift */ = {isa = PBXFileReference; lastKnownFileType = sourcecode.swift; path = GenericPhotoCaptureView.swift; sourceTree = "<group>"; };
		1FCEB4602E5B7C0E00021D62 /* EnhancedEditGrowView.swift */ = {isa = PBXFileReference; lastKnownFileType = sourcecode.swift; path = EnhancedEditGrowView.swift; sourceTree = "<group>"; };
		1FCEB4612E5B7C0E00021D62 /* HarvestSafetyChecklist.swift */ = {isa = PBXFileReference; lastKnownFileType = sourcecode.swift; path = HarvestSafetyChecklist.swift; sourceTree = "<group>"; };
		1FCEB4642E5B940300021D62 /* UtilitiesView.swift */ = {isa = PBXFileReference; lastKnownFileType = sourcecode.swift; path = UtilitiesView.swift; sourceTree = "<group>"; };
		1FD918332E595AB900D18920 /* CultivarSeeder.swift */ = {isa = PBXFileReference; lastKnownFileType = sourcecode.swift; path = CultivarSeeder.swift; sourceTree = "<group>"; };
		1FD918342E595AB900D18920 /* CultivarViews.swift */ = {isa = PBXFileReference; lastKnownFileType = sourcecode.swift; path = CultivarViews.swift; sourceTree = "<group>"; };
		1FDF44422E5C23860058E376 /* vegetable_cultivars_master.csv */ = {isa = PBXFileReference; lastKnownFileType = text; path = vegetable_cultivars_master.csv; sourceTree = "<group>"; };
		1FDF44A72E5D2F640058E376 /* CultivarExtensions.swift */ = {isa = PBXFileReference; lastKnownFileType = sourcecode.swift; path = CultivarExtensions.swift; sourceTree = "<group>"; };
		1FDF44A92E5D2F640058E376 /* HarvestCalendarHeatMap.swift */ = {isa = PBXFileReference; lastKnownFileType = sourcecode.swift; path = HarvestCalendarHeatMap.swift; sourceTree = "<group>"; };
		1FDF44AB2E5D2F640058E376 /* PerformWorkView.swift */ = {isa = PBXFileReference; lastKnownFileType = sourcecode.swift; path = PerformWorkView.swift; sourceTree = "<group>"; };
		1FDF44AC2E5D2F640058E376 /* WeeklyWorkerSummaryViews.swift */ = {isa = PBXFileReference; lastKnownFileType = sourcecode.swift; path = WeeklyWorkerSummaryViews.swift; sourceTree = "<group>"; };
		1FDF44AD2E5D2F640058E376 /* WorkOrderHelpDocumentation.swift */ = {isa = PBXFileReference; lastKnownFileType = sourcecode.swift; path = WorkOrderHelpDocumentation.swift; sourceTree = "<group>"; };
		1FDF44AE2E5D2F640058E376 /* WorkOrderSystem.swift */ = {isa = PBXFileReference; lastKnownFileType = sourcecode.swift; path = WorkOrderSystem.swift; sourceTree = "<group>"; };
		1FE293EE257DDBAC00C93102 /* GrowDetailView.swift */ = {isa = PBXFileReference; lastKnownFileType = sourcecode.swift; path = GrowDetailView.swift; sourceTree = "<group>"; };
		1FEA2B63257EAED600A6D9DD /* GrowViews.swift */ = {isa = PBXFileReference; lastKnownFileType = sourcecode.swift; path = GrowViews.swift; sourceTree = "<group>"; };
		1FEA2B68257F0E0900A6D9DD /* EditGrowView.swift */ = {isa = PBXFileReference; lastKnownFileType = sourcecode.swift; path = EditGrowView.swift; sourceTree = "<group>"; };
		1FEA2B6D257F440900A6D9DD /* AmendmentViews.swift */ = {isa = PBXFileReference; lastKnownFileType = sourcecode.swift; path = AmendmentViews.swift; sourceTree = "<group>"; };
		1FEA2B78257FCE1D00A6D9DD /* Amendments.swift */ = {isa = PBXFileReference; lastKnownFileType = sourcecode.swift; path = Amendments.swift; sourceTree = "<group>"; };
		1FEE44922E5DFFED00A1887B /* MaterialsAndPractices.xcdatamodel */ = {isa = PBXFileReference; lastKnownFileType = wrapper.xcdatamodel; path = MaterialsAndPractices.xcdatamodel; sourceTree = "<group>"; };
		1FEE44932E5DFFED00A1887B /* MaterialsAndPractices 2.xcdatamodel */ = {isa = PBXFileReference; lastKnownFileType = wrapper.xcdatamodel; path = "MaterialsAndPractices 2.xcdatamodel"; sourceTree = "<group>"; };
		1FEE44942E5DFFED00A1887B /* MaterialsAndPractices 3.xcdatamodel */ = {isa = PBXFileReference; lastKnownFileType = wrapper.xcdatamodel; path = "MaterialsAndPractices 3.xcdatamodel"; sourceTree = "<group>"; };
		1FEE44952E5DFFED00A1887B /* MaterialsAndPractices 4.xcdatamodel */ = {isa = PBXFileReference; lastKnownFileType = wrapper.xcdatamodel; path = "MaterialsAndPractices 4.xcdatamodel"; sourceTree = "<group>"; };
		1FEE44962E5DFFED00A1887B /* MaterialsAndPractices 4_CSVSync.xcdatamodel */ = {isa = PBXFileReference; lastKnownFileType = wrapper.xcdatamodel; path = "MaterialsAndPractices 4_CSVSync.xcdatamodel"; sourceTree = "<group>"; };
		1FEE44972E5DFFED00A1887B /* MaterialsAndPractices 5.xcdatamodel */ = {isa = PBXFileReference; lastKnownFileType = wrapper.xcdatamodel; path = "MaterialsAndPractices 5.xcdatamodel"; sourceTree = "<group>"; };
		1FEE44982E5DFFED00A1887B /* MaterialsAndPractices 6.xcdatamodel */ = {isa = PBXFileReference; lastKnownFileType = wrapper.xcdatamodel; path = "MaterialsAndPractices 6.xcdatamodel"; sourceTree = "<group>"; };
		1FEE44992E5DFFED00A1887B /* MaterialsAndPractices 7.xcdatamodel */ = {isa = PBXFileReference; lastKnownFileType = wrapper.xcdatamodel; path = "MaterialsAndPractices 7.xcdatamodel"; sourceTree = "<group>"; };
		1FEE44A32E5E014C00A1887B /* InspectionSeeder.swift */ = {isa = PBXFileReference; lastKnownFileType = sourcecode.swift; path = InspectionSeeder.swift; sourceTree = "<group>"; };
		1FEE44A92E5E02F400A1887B /* CoreDataNotificationCenter.swift */ = {isa = PBXFileReference; lastKnownFileType = sourcecode.swift; path = CoreDataNotificationCenter.swift; sourceTree = "<group>"; };
		1FEE44AB2E5E053A00A1887B /* WorkOrderAssignmentView.swift */ = {isa = PBXFileReference; lastKnownFileType = sourcecode.swift; path = WorkOrderAssignmentView.swift; sourceTree = "<group>"; };
		1FEE44AC2E5E053A00A1887B /* WorkOrderListView.swift */ = {isa = PBXFileReference; lastKnownFileType = sourcecode.swift; path = WorkOrderListView.swift; sourceTree = "<group>"; };
		1FEE44AF2E5E06FD00A1887B /* TeamCreationView.swift */ = {isa = PBXFileReference; lastKnownFileType = sourcecode.swift; path = TeamCreationView.swift; sourceTree = "<group>"; };
		1FEE44BE2E5E168400A1887B /* AdaptiveDashboardView.swift */ = {isa = PBXFileReference; lastKnownFileType = sourcecode.swift; path = AdaptiveDashboardView.swift; sourceTree = "<group>"; };
		1FEE44BF2E5E168400A1887B /* DeviceDetection.swift */ = {isa = PBXFileReference; lastKnownFileType = sourcecode.swift; path = DeviceDetection.swift; sourceTree = "<group>"; };
		6E83I4ZLSTFFFKKCKEG26K34 /* SoilTestGraphics.swift */ = {isa = PBXFileReference; lastKnownFileType = sourcecode.swift; path = SoilTestGraphics.swift; sourceTree = "<group>"; };
		8GFUYTO4QAHEWPUN0F9IOJHU /* FieldSelectionTileView.swift */ = {isa = PBXFileReference; lastKnownFileType = sourcecode.swift; path = FieldSelectionTileView.swift; sourceTree = "<group>"; };
		EGZMTBQX29E4S5J5EFAHU359 /* SoilTestEducationView.swift */ = {isa = PBXFileReference; lastKnownFileType = sourcecode.swift; path = SoilTestEducationView.swift; sourceTree = "<group>"; };
		NKCZL87A0C3JQ1IZLFUD8ZDS /* SoilTestDetailView.swift */ = {isa = PBXFileReference; lastKnownFileType = sourcecode.swift; path = SoilTestDetailView.swift; sourceTree = "<group>"; };
		PDUH5NOMGZ3C1JVZCC3MNF5Y /* LabManagementViews.swift */ = {isa = PBXFileReference; lastKnownFileType = sourcecode.swift; path = LabManagementViews.swift; sourceTree = "<group>"; };
		VXZIH3HFRPDYTE6E6EBAXWTV /* SoilTestSettingsView.swift */ = {isa = PBXFileReference; lastKnownFileType = sourcecode.swift; path = SoilTestSettingsView.swift; sourceTree = "<group>"; };
		YW3W8K7WVJRTP7E5YI29WIKI /* CreateSoilTestView.swift */ = {isa = PBXFileReference; lastKnownFileType = sourcecode.swift; path = CreateSoilTestView.swift; sourceTree = "<group>"; };
/* End PBXFileReference section */

/* Begin PBXFileSystemSynchronizedRootGroup section */
		1FEE44B12E5E094C00A1887B /* Infrastructrure */ = {isa = PBXFileSystemSynchronizedRootGroup; explicitFileTypes = {}; explicitFolders = (); path = Infrastructrure; sourceTree = "<group>"; };
/* End PBXFileSystemSynchronizedRootGroup section */

/* Begin PBXFrameworksBuildPhase section */
		1F4F48AF257DB4C2005E559D /* Frameworks */ = {
			isa = PBXFrameworksBuildPhase;
			buildActionMask = 2147483647;
			files = (
			);
			runOnlyForDeploymentPostprocessing = 0;
		};
		1F4F48C5257DB4C4005E559D /* Frameworks */ = {
			isa = PBXFrameworksBuildPhase;
			buildActionMask = 2147483647;
			files = (
			);
			runOnlyForDeploymentPostprocessing = 0;
		};
		1F4F48D0257DB4C4005E559D /* Frameworks */ = {
			isa = PBXFrameworksBuildPhase;
			buildActionMask = 2147483647;
			files = (
			);
			runOnlyForDeploymentPostprocessing = 0;
		};
/* End PBXFrameworksBuildPhase section */

/* Begin PBXGroup section */
		1F2E92412E5A5641003962BA /* Configuration */ = {
			isa = PBXGroup;
			children = (
				1F2E92242E5A1FA2003962BA /* AppTheme.swift */,
				1F2E92402E5A5641003962BA /* SecureConfiguration.swift */,
			);
			path = Configuration;
			sourceTree = "<group>";
		};
		1F4F48A9257DB4C2005E559D = {
			isa = PBXGroup;
			children = (
				1F85D6922E5D520700CABF8D /* LocalizationUtility.swift */,
				1FDF44422E5C23860058E376 /* vegetable_cultivars_master.csv */,
				1F4F48B4257DB4C2005E559D /* MaterialsAndPractices */,
				1F4F48CB257DB4C4005E559D /* MaterialsAndPracticesTests */,
				1F4F48D6257DB4C4005E559D /* MaterialsAndPracticesUITests */,
				1F4F48B3257DB4C2005E559D /* Products */,
			);
			sourceTree = "<group>";
		};
		1F4F48B3257DB4C2005E559D /* Products */ = {
			isa = PBXGroup;
			children = (
				1F4F48B2257DB4C2005E559D /* MaterialsAndPractices.app */,
				1F4F48C8257DB4C4005E559D /* MaterialsAndPracticesTests.xctest */,
				1F4F48D3257DB4C4005E559D /* MaterialsAndPracticesUITests.xctest */,
			);
			name = Products;
			sourceTree = "<group>";
		};
		1F4F48B4257DB4C2005E559D /* MaterialsAndPractices */ = {
			isa = PBXGroup;
			children = (
				1FBCAA232E5E2EDA00E3C619 /* InspectionSystem */,
				1FEE44BE2E5E168400A1887B /* AdaptiveDashboardView.swift */,
				1FEE44BF2E5E168400A1887B /* DeviceDetection.swift */,
				1FEE44B12E5E094C00A1887B /* Infrastructrure */,
				1FEE44AF2E5E06FD00A1887B /* TeamCreationView.swift */,
				1FEE44AB2E5E053A00A1887B /* WorkOrderAssignmentView.swift */,
				1FEE44AC2E5E053A00A1887B /* WorkOrderListView.swift */,
				1FEE44A92E5E02F400A1887B /* CoreDataNotificationCenter.swift */,
				1FEE44A32E5E014C00A1887B /* InspectionSeeder.swift */,
				1FEE44912E5DFFED00A1887B /* MaterialsAndPractices.xcdatamodeld */,
				1FDF44A72E5D2F640058E376 /* CultivarExtensions.swift */,
				1FDF44A92E5D2F640058E376 /* HarvestCalendarHeatMap.swift */,
				1FDF44AB2E5D2F640058E376 /* PerformWorkView.swift */,
				1FDF44AC2E5D2F640058E376 /* WeeklyWorkerSummaryViews.swift */,
				1FDF44AD2E5D2F640058E376 /* WorkOrderHelpDocumentation.swift */,
				1FDF44AE2E5D2F640058E376 /* WorkOrderSystem.swift */,
				1FCCE7202E5BFE5E004FC07C /* resources */,
				1FB247C02E5ACD7C00F7BAF7 /* Common */,
				1FB247BD2E5ACC4B00F7BAF7 /* Settings */,
				1FB247B42E5ACC3000F7BAF7 /* Farm */,
				1FB247AB2E5AC71800F7BAF7 /* DefaultIDGenerator.swift */,
				1F2E92412E5A5641003962BA /* Configuration */,
				1F2E92362E5A5352003962BA /* CultivarDataTestUtility.swift */,
				1F2E92382E5A5352003962BA /* GrowingSeasonTimelineView.swift */,
				1F2E92392E5A5352003962BA /* HarvestHeatMapView.swift */,
				1F81223C25829E33007394D0 /* Practice */,
				1FEA2B7D257FCF0000A6D9DD /* Material */,
				1F4F48B5257DB4C2005E559D /* MaterialsAndPracticesApp.swift */,
				1FDC8616257E872000EF71E0 /* Grow */,
				1F4F48C3257DB4C4005E559D /* Info.plist */,
				1F4F48BB257DB4C4005E559D /* Preview Content */,
				1F06C22225807A59006F8C83 /* OptionalBinding.swift */,
			);
			path = MaterialsAndPractices;
			sourceTree = "<group>";
		};
		1F4F48BB257DB4C4005E559D /* Preview Content */ = {
			isa = PBXGroup;
			children = (
				1F4F48BC257DB4C4005E559D /* Preview Assets.xcassets */,
			);
			path = "Preview Content";
			sourceTree = "<group>";
		};
		1F4F48CB257DB4C4005E559D /* MaterialsAndPracticesTests */ = {
			isa = PBXGroup;
			children = (
				1F4F48CC257DB4C4005E559D /* MaterialsAndPracticesTests.swift */,
				1F4F48CE257DB4C4005E559D /* Info.plist */,
			);
			path = MaterialsAndPracticesTests;
			sourceTree = "<group>";
		};
		1F4F48D6257DB4C4005E559D /* MaterialsAndPracticesUITests */ = {
			isa = PBXGroup;
			children = (
				1F4F48D7257DB4C4005E559D /* MaterialsAndPracticesUITests.swift */,
				1F4F48D9257DB4C4005E559D /* Info.plist */,
			);
			path = MaterialsAndPracticesUITests;
			sourceTree = "<group>";
		};
		1F81223C25829E33007394D0 /* Practice */ = {
			isa = PBXGroup;
			children = (
				1F812224258281EC007394D0 /* WorkPractices.swift */,
				1F812229258295D0007394D0 /* WorkPracticeDetailView.swift */,
				1F812234258298EC007394D0 /* WorkViews.swift */,
			);
			path = Practice;
			sourceTree = "<group>";
		};
		1FB247B42E5ACC3000F7BAF7 /* Farm */ = {
			isa = PBXGroup;
			children = (
				1FCEB45C2E5B7A5C00021D62 /* FarmerProfileView.swift */,
				1FCEB45A2E5B797E00021D62 /* PropertyDetailView.swift */,
				1FCEB44C2E5B790100021D62 /* CreateFieldView.swift */,
				1FCEB44E2E5B790100021D62 /* FarmDashboardView.swift */,
				1FCEB44F2E5B790100021D62 /* FieldManagementViews.swift */,
				1FCEB4512E5B790100021D62 /* SoilTestListView.swift */,
				1FCEB4522E5B790100021D62 /* WorkerManagementViews.swift */,
				1FB247AD2E5ACC3000F7BAF7 /* EditPropertyView.swift */,
				1FB247AE2E5ACC3000F7BAF7 /* FarmListView.swift */,
				1FB247B12E5ACC3000F7BAF7 /* PhotoManager.swift */,
				YW3W8K7WVJRTP7E5YI29WIKI /* CreateSoilTestView.swift */,
				8GFUYTO4QAHEWPUN0F9IOJHU /* FieldSelectionTileView.swift */,
				PDUH5NOMGZ3C1JVZCC3MNF5Y /* LabManagementViews.swift */,
				NKCZL87A0C3JQ1IZLFUD8ZDS /* SoilTestDetailView.swift */,
				EGZMTBQX29E4S5J5EFAHU359 /* SoilTestEducationView.swift */,
				6E83I4ZLSTFFFKKCKEG26K34 /* SoilTestGraphics.swift */,
			);
			path = Farm;
			sourceTree = "<group>";
		};
		1FB247BD2E5ACC4B00F7BAF7 /* Settings */ = {
			isa = PBXGroup;
			children = (
				1FCEB4642E5B940300021D62 /* UtilitiesView.swift */,
				VXZIH3HFRPDYTE6E6EBAXWTV /* SoilTestSettingsView.swift */,
			);
			path = Settings;
			sourceTree = "<group>";
		};
		1FB247C02E5ACD7C00F7BAF7 /* Common */ = {
			isa = PBXGroup;
			children = (
				1FB247AF2E5ACC3000F7BAF7 /* PhotoCaptureView.swift */,
				1FB247B02E5ACC3000F7BAF7 /* PhotoGalleryView.swift */,
				1FCEB45E2E5B7ACC00021D62 /* GenericPhotoCaptureView.swift */,
				1FB247BF2E5ACD7C00F7BAF7 /* CommonUIComponents.swift */,
				1FB247B22E5ACC3000F7BAF7 /* PhotoOverlay.swift */,
				1FCCE7302E5C0754004FC07C /* ProduceColors.swift */,
				1F4F48BE257DB4C4005E559D /* Persistence.swift */,
			);
			path = Common;
			sourceTree = "<group>";
		};
		1FBCAA232E5E2EDA00E3C619 /* InspectionSystem */ = {
			isa = PBXGroup;
			children = (
				1FBCAA1C2E5E2EDA00E3C619 /* InspectionArchitecture.swift */,
				1FBCAA1D2E5E2EDA00E3C619 /* InspectionCatalogBrowserView.swift */,
				1FBCAA1E2E5E2EDA00E3C619 /* InspectionCreationSupportingViews.swift */,
				1FBCAA1F2E5E2EDA00E3C619 /* InspectionCreationWorkflowView.swift */,
				1FBCAA202E5E2EDA00E3C619 /* InspectionDirectoryManager.swift */,
				1FBCAA212E5E2EDA00E3C619 /* InspectionManagementView.swift */,
				1FBCAA222E5E2EDA00E3C619 /* InspectionTemplateSeeder.swift */,
			);
			path = InspectionSystem;
			sourceTree = "<group>";
		};
		1FCCE7202E5BFE5E004FC07C /* resources */ = {
			isa = PBXGroup;
			children = (
				1F4F48B9257DB4C4005E559D /* Assets.xcassets */,
				1FCCE7212E5BFEB6004FC07C /* FiraCode-Bold.ttf */,
				1FCCE7222E5BFEB6004FC07C /* FiraCode-Light.ttf */,
				1FCCE7232E5BFEB6004FC07C /* FiraCode-Medium.ttf */,
				1FCCE7242E5BFEB6004FC07C /* FiraCode-Regular.ttf */,
				1FCCE7252E5BFEB6004FC07C /* FiraCode-Retina.ttf */,
				1FCCE7262E5BFEB6004FC07C /* FiraCode-SemiBold.ttf */,
				1FCCE72E2E5C06DC004FC07C /* ProduceColors.xcassets */,
			);
			path = resources;
			sourceTree = "<group>";
		};
		1FDC8616257E872000EF71E0 /* Grow */ = {
			isa = PBXGroup;
			children = (
				1FCEB4602E5B7C0E00021D62 /* EnhancedEditGrowView.swift */,
				1FCEB4612E5B7C0E00021D62 /* HarvestSafetyChecklist.swift */,
				1F4F48B7257DB4C2005E559D /* CurrentGrowsView.swift */,
				1FE293EE257DDBAC00C93102 /* GrowDetailView.swift */,
				1FEA2B63257EAED600A6D9DD /* GrowViews.swift */,
				1FEA2B68257F0E0900A6D9DD /* EditGrowView.swift */,
			);
			path = Grow;
			sourceTree = "<group>";
		};
		1FEA2B7D257FCF0000A6D9DD /* Material */ = {
			isa = PBXGroup;
			children = (
				1FEA2B78257FCE1D00A6D9DD /* Amendments.swift */,
				1FEA2B6D257F440900A6D9DD /* AmendmentViews.swift */,
				1F06C21D257FEF7E006F8C83 /* AmendmentDetail.swift */,
				1FD918332E595AB900D18920 /* CultivarSeeder.swift */,
				1FD918342E595AB900D18920 /* CultivarViews.swift */,
			);
			path = Material;
			sourceTree = "<group>";
		};
/* End PBXGroup section */

/* Begin PBXNativeTarget section */
		1F4F48B1257DB4C2005E559D /* MaterialsAndPractices */ = {
			isa = PBXNativeTarget;
			buildConfigurationList = 1F4F48DC257DB4C4005E559D /* Build configuration list for PBXNativeTarget "MaterialsAndPractices" */;
			buildPhases = (
				1F4F48AE257DB4C2005E559D /* Sources */,
				1F4F48AF257DB4C2005E559D /* Frameworks */,
				1F4F48B0257DB4C2005E559D /* Resources */,
			);
			buildRules = (
			);
			dependencies = (
			);
			fileSystemSynchronizedGroups = (
				1FEE44B12E5E094C00A1887B /* Infrastructrure */,
			);
			name = MaterialsAndPractices;
			productName = MaterialsAndPractices;
			productReference = 1F4F48B2257DB4C2005E559D /* MaterialsAndPractices.app */;
			productType = "com.apple.product-type.application";
		};
		1F4F48C7257DB4C4005E559D /* MaterialsAndPracticesTests */ = {
			isa = PBXNativeTarget;
			buildConfigurationList = 1F4F48DF257DB4C4005E559D /* Build configuration list for PBXNativeTarget "MaterialsAndPracticesTests" */;
			buildPhases = (
				1F4F48C4257DB4C4005E559D /* Sources */,
				1F4F48C5257DB4C4005E559D /* Frameworks */,
				1F4F48C6257DB4C4005E559D /* Resources */,
			);
			buildRules = (
			);
			dependencies = (
				1F4F48CA257DB4C4005E559D /* PBXTargetDependency */,
			);
			name = MaterialsAndPracticesTests;
			productName = MaterialsAndPracticesTests;
			productReference = 1F4F48C8257DB4C4005E559D /* MaterialsAndPracticesTests.xctest */;
			productType = "com.apple.product-type.bundle.unit-test";
		};
		1F4F48D2257DB4C4005E559D /* MaterialsAndPracticesUITests */ = {
			isa = PBXNativeTarget;
			buildConfigurationList = 1F4F48E2257DB4C4005E559D /* Build configuration list for PBXNativeTarget "MaterialsAndPracticesUITests" */;
			buildPhases = (
				1F4F48CF257DB4C4005E559D /* Sources */,
				1F4F48D0257DB4C4005E559D /* Frameworks */,
				1F4F48D1257DB4C4005E559D /* Resources */,
			);
			buildRules = (
			);
			dependencies = (
				1F4F48D5257DB4C4005E559D /* PBXTargetDependency */,
			);
			name = MaterialsAndPracticesUITests;
			productName = MaterialsAndPracticesUITests;
			productReference = 1F4F48D3257DB4C4005E559D /* MaterialsAndPracticesUITests.xctest */;
			productType = "com.apple.product-type.bundle.ui-testing";
		};
/* End PBXNativeTarget section */

/* Begin PBXProject section */
		1F4F48AA257DB4C2005E559D /* Project object */ = {
			isa = PBXProject;
			attributes = {
				LastSwiftUpdateCheck = 1220;
				LastUpgradeCheck = 1220;
				TargetAttributes = {
					1F4F48B1257DB4C2005E559D = {
						CreatedOnToolsVersion = 12.2;
					};
					1F4F48C7257DB4C4005E559D = {
						CreatedOnToolsVersion = 12.2;
						TestTargetID = 1F4F48B1257DB4C2005E559D;
					};
					1F4F48D2257DB4C4005E559D = {
						CreatedOnToolsVersion = 12.2;
						TestTargetID = 1F4F48B1257DB4C2005E559D;
					};
				};
			};
			buildConfigurationList = 1F4F48AD257DB4C2005E559D /* Build configuration list for PBXProject "MaterialsAndPractices" */;
			compatibilityVersion = "Xcode 9.3";
			developmentRegion = en;
			hasScannedForEncodings = 0;
			knownRegions = (
				en,
				Base,
			);
			mainGroup = 1F4F48A9257DB4C2005E559D;
			productRefGroup = 1F4F48B3257DB4C2005E559D /* Products */;
			projectDirPath = "";
			projectRoot = "";
			targets = (
				1F4F48B1257DB4C2005E559D /* MaterialsAndPractices */,
				1F4F48C7257DB4C4005E559D /* MaterialsAndPracticesTests */,
				1F4F48D2257DB4C4005E559D /* MaterialsAndPracticesUITests */,
			);
		};
/* End PBXProject section */

/* Begin PBXResourcesBuildPhase section */
		1F4F48B0257DB4C2005E559D /* Resources */ = {
			isa = PBXResourcesBuildPhase;
			buildActionMask = 2147483647;
			files = (
				1FCCE7272E5BFEB6004FC07C /* FiraCode-Retina.ttf in Resources */,
				1FCCE7282E5BFEB6004FC07C /* FiraCode-SemiBold.ttf in Resources */,
				1FCCE7292E5BFEB6004FC07C /* FiraCode-Light.ttf in Resources */,
				1FCCE72A2E5BFEB6004FC07C /* FiraCode-Bold.ttf in Resources */,
				1FCCE72B2E5BFEB6004FC07C /* FiraCode-Medium.ttf in Resources */,
				1FCCE72C2E5BFEB6004FC07C /* FiraCode-Regular.ttf in Resources */,
				1FDF44432E5C23860058E376 /* vegetable_cultivars_master.csv in Resources */,
				1F4F48BD257DB4C4005E559D /* Preview Assets.xcassets in Resources */,
				1FCCE72F2E5C06DC004FC07C /* ProduceColors.xcassets in Resources */,
				1F4F48BA257DB4C4005E559D /* Assets.xcassets in Resources */,
			);
			runOnlyForDeploymentPostprocessing = 0;
		};
		1F4F48C6257DB4C4005E559D /* Resources */ = {
			isa = PBXResourcesBuildPhase;
			buildActionMask = 2147483647;
			files = (
			);
			runOnlyForDeploymentPostprocessing = 0;
		};
		1F4F48D1257DB4C4005E559D /* Resources */ = {
			isa = PBXResourcesBuildPhase;
			buildActionMask = 2147483647;
			files = (
			);
			runOnlyForDeploymentPostprocessing = 0;
		};
/* End PBXResourcesBuildPhase section */

/* Begin PBXSourcesBuildPhase section */
		1F4F48AE257DB4C2005E559D /* Sources */ = {
			isa = PBXSourcesBuildPhase;
			buildActionMask = 2147483647;
			files = (
				1FE293EF257DDBAC00C93102 /* GrowDetailView.swift in Sources */,
				1F4F48BF257DB4C4005E559D /* Persistence.swift in Sources */,
				1FCCE7312E5C0754004FC07C /* ProduceColors.swift in Sources */,
				1F2E92262E5A1FA2003962BA /* AppTheme.swift in Sources */,
				1FCEB45B2E5B797E00021D62 /* PropertyDetailView.swift in Sources */,
				1F06C21E257FEF7E006F8C83 /* AmendmentDetail.swift in Sources */,
				1FEA2B69257F0E0900A6D9DD /* EditGrowView.swift in Sources */,
				1FCEB45F2E5B7ACC00021D62 /* GenericPhotoCaptureView.swift in Sources */,
				1F81222A258295D0007394D0 /* WorkPracticeDetailView.swift in Sources */,
				1F812225258281EC007394D0 /* WorkPractices.swift in Sources */,
				1FEA2B79257FCE1D00A6D9DD /* Amendments.swift in Sources */,
				1FEA2B6E257F440900A6D9DD /* AmendmentViews.swift in Sources */,
				1F812235258298EC007394D0 /* WorkViews.swift in Sources */,
				1FBCAA242E5E2EDA00E3C619 /* InspectionCatalogBrowserView.swift in Sources */,
				1FBCAA252E5E2EDA00E3C619 /* InspectionArchitecture.swift in Sources */,
				1FBCAA262E5E2EDA00E3C619 /* InspectionManagementView.swift in Sources */,
				1FBCAA272E5E2EDA00E3C619 /* InspectionCreationWorkflowView.swift in Sources */,
				1FBCAA282E5E2EDA00E3C619 /* InspectionCreationSupportingViews.swift in Sources */,
				1FBCAA292E5E2EDA00E3C619 /* InspectionTemplateSeeder.swift in Sources */,
				1FBCAA2A2E5E2EDA00E3C619 /* InspectionDirectoryManager.swift in Sources */,
				1FB247B52E5ACC3000F7BAF7 /* FarmListView.swift in Sources */,
				1FB247B62E5ACC3000F7BAF7 /* EditPropertyView.swift in Sources */,
				1FB247B72E5ACC3000F7BAF7 /* PhotoGalleryView.swift in Sources */,
				1FEE44AD2E5E053A00A1887B /* WorkOrderAssignmentView.swift in Sources */,
				1FEE44AE2E5E053A00A1887B /* WorkOrderListView.swift in Sources */,
				1FB247B92E5ACC3000F7BAF7 /* PhotoManager.swift in Sources */,
				1FB247BA2E5ACC3000F7BAF7 /* PhotoCaptureView.swift in Sources */,
				1FB247BB2E5ACC3000F7BAF7 /* PhotoOverlay.swift in Sources */,
				1FEE44C22E5E168400A1887B /* DeviceDetection.swift in Sources */,
				1FEE44C42E5E168400A1887B /* AdaptiveDashboardView.swift in Sources */,
				1FD918352E595AB900D18920 /* CultivarViews.swift in Sources */,
				1FD918362E595AB900D18920 /* CultivarSeeder.swift in Sources */,
				1F4F48B8257DB4C2005E559D /* CurrentGrowsView.swift in Sources */,
				1F2E92422E5A5641003962BA /* SecureConfiguration.swift in Sources */,
				1FCEB4652E5B940300021D62 /* UtilitiesView.swift in Sources */,
				1F2E923B2E5A5352003962BA /* HarvestHeatMapView.swift in Sources */,
				1FB247C12E5ACD7C00F7BAF7 /* CommonUIComponents.swift in Sources */,
				1FCEB45D2E5B7A5C00021D62 /* FarmerProfileView.swift in Sources */,
				1F2E923D2E5A5352003962BA /* GrowingSeasonTimelineView.swift in Sources */,
				1FEE44A62E5E014C00A1887B /* InspectionSeeder.swift in Sources */,
				1FB247AC2E5AC71800F7BAF7 /* DefaultIDGenerator.swift in Sources */,
				1F4F48B6257DB4C2005E559D /* MaterialsAndPracticesApp.swift in Sources */,
				1F06C22325807A5A006F8C83 /* OptionalBinding.swift in Sources */,
				1FCEB4532E5B790100021D62 /* CreateFieldView.swift in Sources */,
				1FCEB4542E5B790100021D62 /* SoilTestListView.swift in Sources */,
				1FEE449A2E5DFFED00A1887B /* MaterialsAndPractices.xcdatamodeld in Sources */,
				1FCEB4622E5B7C0E00021D62 /* HarvestSafetyChecklist.swift in Sources */,
				1FCEB4632E5B7C0E00021D62 /* EnhancedEditGrowView.swift in Sources */,
				1FCEB4562E5B790100021D62 /* FarmDashboardView.swift in Sources */,
				1FEE44B02E5E06FD00A1887B /* TeamCreationView.swift in Sources */,
				1FCEB4582E5B790100021D62 /* FieldManagementViews.swift in Sources */,
				1FCEB4592E5B790100021D62 /* WorkerManagementViews.swift in Sources */,
				1FDF44B02E5D2F640058E376 /* HarvestCalendarHeatMap.swift in Sources */,
				1FDF44B12E5D2F640058E376 /* WorkOrderHelpDocumentation.swift in Sources */,
				1FDF44B22E5D2F640058E376 /* WorkOrderSystem.swift in Sources */,
				1FDF44B32E5D2F640058E376 /* CultivarExtensions.swift in Sources */,
				1FDF44B42E5D2F640058E376 /* WeeklyWorkerSummaryViews.swift in Sources */,
				1FDF44B52E5D2F640058E376 /* PerformWorkView.swift in Sources */,
				RQ9WW034NVSSWPO9M9LYZW7Q /* CreateSoilTestView.swift in Sources */,
				D7U2HNQLDO5CUE50OC42PT2E /* FieldSelectionTileView.swift in Sources */,
				1F85D6932E5D520700CABF8D /* LocalizationUtility.swift in Sources */,
				M5XFKSWL7ZKDKRWSSYA01VI9 /* LabManagementViews.swift in Sources */,
				BULGI508SCW0VCS6XNM4Y2ZV /* SoilTestDetailView.swift in Sources */,
				O9DN9B5X410H3S6Q97QF7MLY /* SoilTestEducationView.swift in Sources */,
				FV3VC1I7GJ337VBU8UY2D9G2 /* SoilTestGraphics.swift in Sources */,
				TYR4BXWTI4B9S1BKLCYVZW02 /* SoilTestSettingsView.swift in Sources */,
				1FEE44AA2E5E02F400A1887B /* CoreDataNotificationCenter.swift in Sources */,
				1FEA2B64257EAED600A6D9DD /* GrowViews.swift in Sources */,
			);
			runOnlyForDeploymentPostprocessing = 0;
		};
		1F4F48C4257DB4C4005E559D /* Sources */ = {
			isa = PBXSourcesBuildPhase;
			buildActionMask = 2147483647;
			files = (
				1F4F48CD257DB4C4005E559D /* MaterialsAndPracticesTests.swift in Sources */,
			);
			runOnlyForDeploymentPostprocessing = 0;
		};
		1F4F48CF257DB4C4005E559D /* Sources */ = {
			isa = PBXSourcesBuildPhase;
			buildActionMask = 2147483647;
			files = (
				1F4F48D8257DB4C4005E559D /* MaterialsAndPracticesUITests.swift in Sources */,
			);
			runOnlyForDeploymentPostprocessing = 0;
		};
/* End PBXSourcesBuildPhase section */

/* Begin PBXTargetDependency section */
		1F4F48CA257DB4C4005E559D /* PBXTargetDependency */ = {
			isa = PBXTargetDependency;
			target = 1F4F48B1257DB4C2005E559D /* MaterialsAndPractices */;
			targetProxy = 1F4F48C9257DB4C4005E559D /* PBXContainerItemProxy */;
		};
		1F4F48D5257DB4C4005E559D /* PBXTargetDependency */ = {
			isa = PBXTargetDependency;
			target = 1F4F48B1257DB4C2005E559D /* MaterialsAndPractices */;
			targetProxy = 1F4F48D4257DB4C4005E559D /* PBXContainerItemProxy */;
		};
/* End PBXTargetDependency section */

/* Begin XCBuildConfiguration section */
		1F4F48DA257DB4C4005E559D /* Debug */ = {
			isa = XCBuildConfiguration;
			buildSettings = {
				ALWAYS_SEARCH_USER_PATHS = NO;
				CLANG_ANALYZER_NONNULL = YES;
				CLANG_ANALYZER_NUMBER_OBJECT_CONVERSION = YES_AGGRESSIVE;
				CLANG_CXX_LANGUAGE_STANDARD = "gnu++14";
				CLANG_CXX_LIBRARY = "libc++";
				CLANG_ENABLE_MODULES = YES;
				CLANG_ENABLE_OBJC_ARC = YES;
				CLANG_ENABLE_OBJC_WEAK = YES;
				CLANG_WARN_BLOCK_CAPTURE_AUTORELEASING = YES;
				CLANG_WARN_BOOL_CONVERSION = YES;
				CLANG_WARN_COMMA = YES;
				CLANG_WARN_CONSTANT_CONVERSION = YES;
				CLANG_WARN_DEPRECATED_OBJC_IMPLEMENTATIONS = YES;
				CLANG_WARN_DIRECT_OBJC_ISA_USAGE = YES_ERROR;
				CLANG_WARN_DOCUMENTATION_COMMENTS = YES;
				CLANG_WARN_EMPTY_BODY = YES;
				CLANG_WARN_ENUM_CONVERSION = YES;
				CLANG_WARN_INFINITE_RECURSION = YES;
				CLANG_WARN_INT_CONVERSION = YES;
				CLANG_WARN_NON_LITERAL_NULL_CONVERSION = YES;
				CLANG_WARN_OBJC_IMPLICIT_RETAIN_SELF = YES;
				CLANG_WARN_OBJC_LITERAL_CONVERSION = YES;
				CLANG_WARN_OBJC_ROOT_CLASS = YES_ERROR;
				CLANG_WARN_QUOTED_INCLUDE_IN_FRAMEWORK_HEADER = YES;
				CLANG_WARN_RANGE_LOOP_ANALYSIS = YES;
				CLANG_WARN_STRICT_PROTOTYPES = YES;
				CLANG_WARN_SUSPICIOUS_MOVE = YES;
				CLANG_WARN_UNGUARDED_AVAILABILITY = YES_AGGRESSIVE;
				CLANG_WARN_UNREACHABLE_CODE = YES;
				CLANG_WARN__DUPLICATE_METHOD_MATCH = YES;
				COPY_PHASE_STRIP = NO;
				DEBUG_INFORMATION_FORMAT = dwarf;
				ENABLE_STRICT_OBJC_MSGSEND = YES;
				ENABLE_TESTABILITY = YES;
				GCC_C_LANGUAGE_STANDARD = gnu11;
				GCC_DYNAMIC_NO_PIC = NO;
				GCC_NO_COMMON_BLOCKS = YES;
				GCC_OPTIMIZATION_LEVEL = 0;
				GCC_PREPROCESSOR_DEFINITIONS = (
					"DEBUG=1",
					"$(inherited)",
				);
				GCC_WARN_64_TO_32_BIT_CONVERSION = YES;
				GCC_WARN_ABOUT_RETURN_TYPE = YES_ERROR;
				GCC_WARN_UNDECLARED_SELECTOR = YES;
				GCC_WARN_UNINITIALIZED_AUTOS = YES_AGGRESSIVE;
				GCC_WARN_UNUSED_FUNCTION = YES;
				GCC_WARN_UNUSED_VARIABLE = YES;
				IPHONEOS_DEPLOYMENT_TARGET = 17.6;
				MTL_ENABLE_DEBUG_INFO = INCLUDE_SOURCE;
				MTL_FAST_MATH = YES;
				ONLY_ACTIVE_ARCH = YES;
				SDKROOT = iphoneos;
				SWIFT_ACTIVE_COMPILATION_CONDITIONS = DEBUG;
				SWIFT_OPTIMIZATION_LEVEL = "-Onone";
			};
			name = Debug;
		};
		1F4F48DB257DB4C4005E559D /* Release */ = {
			isa = XCBuildConfiguration;
			buildSettings = {
				ALWAYS_SEARCH_USER_PATHS = NO;
				CLANG_ANALYZER_NONNULL = YES;
				CLANG_ANALYZER_NUMBER_OBJECT_CONVERSION = YES_AGGRESSIVE;
				CLANG_CXX_LANGUAGE_STANDARD = "gnu++14";
				CLANG_CXX_LIBRARY = "libc++";
				CLANG_ENABLE_MODULES = YES;
				CLANG_ENABLE_OBJC_ARC = YES;
				CLANG_ENABLE_OBJC_WEAK = YES;
				CLANG_WARN_BLOCK_CAPTURE_AUTORELEASING = YES;
				CLANG_WARN_BOOL_CONVERSION = YES;
				CLANG_WARN_COMMA = YES;
				CLANG_WARN_CONSTANT_CONVERSION = YES;
				CLANG_WARN_DEPRECATED_OBJC_IMPLEMENTATIONS = YES;
				CLANG_WARN_DIRECT_OBJC_ISA_USAGE = YES_ERROR;
				CLANG_WARN_DOCUMENTATION_COMMENTS = YES;
				CLANG_WARN_EMPTY_BODY = YES;
				CLANG_WARN_ENUM_CONVERSION = YES;
				CLANG_WARN_INFINITE_RECURSION = YES;
				CLANG_WARN_INT_CONVERSION = YES;
				CLANG_WARN_NON_LITERAL_NULL_CONVERSION = YES;
				CLANG_WARN_OBJC_IMPLICIT_RETAIN_SELF = YES;
				CLANG_WARN_OBJC_LITERAL_CONVERSION = YES;
				CLANG_WARN_OBJC_ROOT_CLASS = YES_ERROR;
				CLANG_WARN_QUOTED_INCLUDE_IN_FRAMEWORK_HEADER = YES;
				CLANG_WARN_RANGE_LOOP_ANALYSIS = YES;
				CLANG_WARN_STRICT_PROTOTYPES = YES;
				CLANG_WARN_SUSPICIOUS_MOVE = YES;
				CLANG_WARN_UNGUARDED_AVAILABILITY = YES_AGGRESSIVE;
				CLANG_WARN_UNREACHABLE_CODE = YES;
				CLANG_WARN__DUPLICATE_METHOD_MATCH = YES;
				COPY_PHASE_STRIP = NO;
				DEBUG_INFORMATION_FORMAT = "dwarf-with-dsym";
				ENABLE_NS_ASSERTIONS = NO;
				ENABLE_STRICT_OBJC_MSGSEND = YES;
				GCC_C_LANGUAGE_STANDARD = gnu11;
				GCC_NO_COMMON_BLOCKS = YES;
				GCC_WARN_64_TO_32_BIT_CONVERSION = YES;
				GCC_WARN_ABOUT_RETURN_TYPE = YES_ERROR;
				GCC_WARN_UNDECLARED_SELECTOR = YES;
				GCC_WARN_UNINITIALIZED_AUTOS = YES_AGGRESSIVE;
				GCC_WARN_UNUSED_FUNCTION = YES;
				GCC_WARN_UNUSED_VARIABLE = YES;
				IPHONEOS_DEPLOYMENT_TARGET = 17.6;
				MTL_ENABLE_DEBUG_INFO = NO;
				MTL_FAST_MATH = YES;
				SDKROOT = iphoneos;
				SWIFT_COMPILATION_MODE = wholemodule;
				SWIFT_OPTIMIZATION_LEVEL = "-O";
				VALIDATE_PRODUCT = YES;
			};
			name = Release;
		};
		1F4F48DD257DB4C4005E559D /* Debug */ = {
			isa = XCBuildConfiguration;
			buildSettings = {
				ASSETCATALOG_COMPILER_APPICON_NAME = AppIcon;
				ASSETCATALOG_COMPILER_GLOBAL_ACCENT_COLOR_NAME = AccentColor;
				CODE_SIGN_STYLE = Automatic;
				DEVELOPMENT_ASSET_PATHS = "\"MaterialsAndPractices/Preview Content\"";
				DEVELOPMENT_TEAM = QYJ6FSH533;
				ENABLE_PREVIEWS = YES;
				INFOPLIST_FILE = MaterialsAndPractices/Info.plist;
				IPHONEOS_DEPLOYMENT_TARGET = 17.6;
				LD_RUNPATH_SEARCH_PATHS = (
					"$(inherited)",
					"@executable_path/Frameworks",
				);
				PRODUCT_BUNDLE_IDENTIFIER = io.river.MaterialsAndPractices;
				PRODUCT_NAME = "$(TARGET_NAME)";
				SUPPORTED_PLATFORMS = "iphoneos iphonesimulator";
				SUPPORTS_MACCATALYST = NO;
				SUPPORTS_XR_DESIGNED_FOR_IPHONE_IPAD = NO;
				SWIFT_VERSION = 5.0;
				TARGETED_DEVICE_FAMILY = "1,2";
			};
			name = Debug;
		};
		1F4F48DE257DB4C4005E559D /* Release */ = {
			isa = XCBuildConfiguration;
			buildSettings = {
				ASSETCATALOG_COMPILER_APPICON_NAME = AppIcon;
				ASSETCATALOG_COMPILER_GLOBAL_ACCENT_COLOR_NAME = AccentColor;
				CODE_SIGN_STYLE = Automatic;
				DEVELOPMENT_ASSET_PATHS = "\"MaterialsAndPractices/Preview Content\"";
				DEVELOPMENT_TEAM = QYJ6FSH533;
				ENABLE_PREVIEWS = YES;
				INFOPLIST_FILE = MaterialsAndPractices/Info.plist;
				IPHONEOS_DEPLOYMENT_TARGET = 17.6;
				LD_RUNPATH_SEARCH_PATHS = (
					"$(inherited)",
					"@executable_path/Frameworks",
				);
				PRODUCT_BUNDLE_IDENTIFIER = io.river.MaterialsAndPractices;
				PRODUCT_NAME = "$(TARGET_NAME)";
				SUPPORTED_PLATFORMS = "iphoneos iphonesimulator";
				SUPPORTS_MACCATALYST = NO;
				SUPPORTS_XR_DESIGNED_FOR_IPHONE_IPAD = NO;
				SWIFT_VERSION = 5.0;
				TARGETED_DEVICE_FAMILY = "1,2";
			};
			name = Release;
		};
		1F4F48E0257DB4C4005E559D /* Debug */ = {
			isa = XCBuildConfiguration;
			buildSettings = {
				ALWAYS_EMBED_SWIFT_STANDARD_LIBRARIES = YES;
				BUNDLE_LOADER = "$(TEST_HOST)";
				CODE_SIGN_STYLE = Automatic;
				DEVELOPMENT_TEAM = U3Z59VXPUB;
				INFOPLIST_FILE = MaterialsAndPracticesTests/Info.plist;
				IPHONEOS_DEPLOYMENT_TARGET = 17.6;
				LD_RUNPATH_SEARCH_PATHS = (
					"$(inherited)",
					"@executable_path/Frameworks",
					"@loader_path/Frameworks",
				);
				PRODUCT_BUNDLE_IDENTIFIER = io.river.MaterialsAndPracticesTests;
				PRODUCT_NAME = "$(TARGET_NAME)";
				SWIFT_VERSION = 5.0;
				TARGETED_DEVICE_FAMILY = "1,2";
				TEST_HOST = "$(BUILT_PRODUCTS_DIR)/MaterialsAndPractices.app/MaterialsAndPractices";
			};
			name = Debug;
		};
		1F4F48E1257DB4C4005E559D /* Release */ = {
			isa = XCBuildConfiguration;
			buildSettings = {
				ALWAYS_EMBED_SWIFT_STANDARD_LIBRARIES = YES;
				BUNDLE_LOADER = "$(TEST_HOST)";
				CODE_SIGN_STYLE = Automatic;
				DEVELOPMENT_TEAM = U3Z59VXPUB;
				INFOPLIST_FILE = MaterialsAndPracticesTests/Info.plist;
				IPHONEOS_DEPLOYMENT_TARGET = 17.6;
				LD_RUNPATH_SEARCH_PATHS = (
					"$(inherited)",
					"@executable_path/Frameworks",
					"@loader_path/Frameworks",
				);
				PRODUCT_BUNDLE_IDENTIFIER = io.river.MaterialsAndPracticesTests;
				PRODUCT_NAME = "$(TARGET_NAME)";
				SWIFT_VERSION = 5.0;
				TARGETED_DEVICE_FAMILY = "1,2";
				TEST_HOST = "$(BUILT_PRODUCTS_DIR)/MaterialsAndPractices.app/MaterialsAndPractices";
			};
			name = Release;
		};
		1F4F48E3257DB4C4005E559D /* Debug */ = {
			isa = XCBuildConfiguration;
			buildSettings = {
				ALWAYS_EMBED_SWIFT_STANDARD_LIBRARIES = YES;
				CODE_SIGN_STYLE = Automatic;
				DEVELOPMENT_TEAM = U3Z59VXPUB;
				INFOPLIST_FILE = MaterialsAndPracticesUITests/Info.plist;
				LD_RUNPATH_SEARCH_PATHS = (
					"$(inherited)",
					"@executable_path/Frameworks",
					"@loader_path/Frameworks",
				);
				PRODUCT_BUNDLE_IDENTIFIER = io.river.MaterialsAndPracticesUITests;
				PRODUCT_NAME = "$(TARGET_NAME)";
				SWIFT_VERSION = 5.0;
				TARGETED_DEVICE_FAMILY = "1,2";
				TEST_TARGET_NAME = MaterialsAndPractices;
			};
			name = Debug;
		};
		1F4F48E4257DB4C4005E559D /* Release */ = {
			isa = XCBuildConfiguration;
			buildSettings = {
				ALWAYS_EMBED_SWIFT_STANDARD_LIBRARIES = YES;
				CODE_SIGN_STYLE = Automatic;
				DEVELOPMENT_TEAM = U3Z59VXPUB;
				INFOPLIST_FILE = MaterialsAndPracticesUITests/Info.plist;
				LD_RUNPATH_SEARCH_PATHS = (
					"$(inherited)",
					"@executable_path/Frameworks",
					"@loader_path/Frameworks",
				);
				PRODUCT_BUNDLE_IDENTIFIER = io.river.MaterialsAndPracticesUITests;
				PRODUCT_NAME = "$(TARGET_NAME)";
				SWIFT_VERSION = 5.0;
				TARGETED_DEVICE_FAMILY = "1,2";
				TEST_TARGET_NAME = MaterialsAndPractices;
			};
			name = Release;
		};
/* End XCBuildConfiguration section */

/* Begin XCConfigurationList section */
		1F4F48AD257DB4C2005E559D /* Build configuration list for PBXProject "MaterialsAndPractices" */ = {
			isa = XCConfigurationList;
			buildConfigurations = (
				1F4F48DA257DB4C4005E559D /* Debug */,
				1F4F48DB257DB4C4005E559D /* Release */,
			);
			defaultConfigurationIsVisible = 0;
			defaultConfigurationName = Release;
		};
		1F4F48DC257DB4C4005E559D /* Build configuration list for PBXNativeTarget "MaterialsAndPractices" */ = {
			isa = XCConfigurationList;
			buildConfigurations = (
				1F4F48DD257DB4C4005E559D /* Debug */,
				1F4F48DE257DB4C4005E559D /* Release */,
			);
			defaultConfigurationIsVisible = 0;
			defaultConfigurationName = Release;
		};
		1F4F48DF257DB4C4005E559D /* Build configuration list for PBXNativeTarget "MaterialsAndPracticesTests" */ = {
			isa = XCConfigurationList;
			buildConfigurations = (
				1F4F48E0257DB4C4005E559D /* Debug */,
				1F4F48E1257DB4C4005E559D /* Release */,
			);
			defaultConfigurationIsVisible = 0;
			defaultConfigurationName = Release;
		};
		1F4F48E2257DB4C4005E559D /* Build configuration list for PBXNativeTarget "MaterialsAndPracticesUITests" */ = {
			isa = XCConfigurationList;
			buildConfigurations = (
				1F4F48E3257DB4C4005E559D /* Debug */,
				1F4F48E4257DB4C4005E559D /* Release */,
			);
			defaultConfigurationIsVisible = 0;
			defaultConfigurationName = Release;
		};
/* End XCConfigurationList section */

/* Begin XCVersionGroup section */
		1FEE44912E5DFFED00A1887B /* MaterialsAndPractices.xcdatamodeld */ = {
			isa = XCVersionGroup;
			children = (
				1FEE44922E5DFFED00A1887B /* MaterialsAndPractices.xcdatamodel */,
				1FEE44932E5DFFED00A1887B /* MaterialsAndPractices 2.xcdatamodel */,
				1FEE44942E5DFFED00A1887B /* MaterialsAndPractices 3.xcdatamodel */,
				1FEE44952E5DFFED00A1887B /* MaterialsAndPractices 4.xcdatamodel */,
				1FEE44962E5DFFED00A1887B /* MaterialsAndPractices 4_CSVSync.xcdatamodel */,
				1FEE44972E5DFFED00A1887B /* MaterialsAndPractices 5.xcdatamodel */,
				1FEE44982E5DFFED00A1887B /* MaterialsAndPractices 6.xcdatamodel */,
				1FEE44992E5DFFED00A1887B /* MaterialsAndPractices 7.xcdatamodel */,
			);
			currentVersion = 1FEE44992E5DFFED00A1887B /* MaterialsAndPractices 7.xcdatamodel */;
			path = MaterialsAndPractices.xcdatamodeld;
			sourceTree = "<group>";
			versionGroupType = wrapper.xcdatamodel;
		};
/* End XCVersionGroup section */
	};
	rootObject = 1F4F48AA257DB4C2005E559D /* Project object */;
}
